
Microsoft Visual Studio Solution File, Format Version 12.00
# Visual Studio Version 17
VisualStudioVersion = 17.12.35506.116 d17.12
MinimumVisualStudioVersion = 10.0.40219.1
Project("{FAE04EC0-301F-11D3-BF4B-00C04F79EFBC}") = "Rimsoft_Salary", "Rimsoft_Salary\Rimsoft_Salary.csproj", "{4A47717A-9655-43F5-B857-3CFAFD1F1DDF}"
EndProject
Global
	GlobalSection(SolutionConfigurationPlatforms) = preSolution
		Debug|Any CPU = Debug|Any CPU
		Release|Any CPU = Release|Any CPU
	EndGlobalSection
	GlobalSection(ProjectConfigurationPlatforms) = postSolution
		{4A47717A-9655-43F5-B857-3CFAFD1F1DDF}.Debug|Any CPU.ActiveCfg = Debug|Any CPU
		{4A47717A-9655-43F5-B857-3CFAFD1F1DDF}.Debug|Any CPU.Build.0 = Debug|Any CPU
		{4A47717A-9655-43F5-B857-3CFAFD1F1DDF}.Release|Any CPU.ActiveCfg = Release|Any CPU
		{4A47717A-9655-43F5-B857-3CFAFD1F1DDF}.Release|Any CPU.Build.0 = Release|Any CPU
	EndGlobalSection
	GlobalSection(SolutionProperties) = preSolution
		HideSolutionNode = FALSE
	EndGlobalSection
EndGlobal
